
Microsoft Visual Studio Solution File, Format Version 12.00
# Visual Studio 15
VisualStudioVersion = 15.0.27428.2015
MinimumVisualStudioVersion = 10.0.40219.1
Project("{9A19103F-16F7-4668-BE54-9A1E7A4F7556}") = "Admin UI", "Admin UI\Admin UI.csproj", "{D54E8388-0108-4213-9207-55E5D1A5E249}"
EndProject
Project("{2150E333-8FDC-42A3-9474-1A3956D46DE8}") = "DataAccess", "DataAccess", "{C06BB169-7077-40F1-AE78-FD315E93E010}"
EndProject
Project("{2150E333-8FDC-42A3-9474-1A3956D46DE8}") = "UI", "UI", "{623F47B8-A44E-48AF-B6FF-3A83536A18BD}"
EndProject
Project("{2150E333-8FDC-42A3-9474-1A3956D46DE8}") = "Application", "Application", "{5D9ED1CE-67A7-4BD9-9086-B064CAC4998A}"
EndProject
Project("{2150E333-8FDC-42A3-9474-1A3956D46DE8}") = "ServiceLeyer", "ServiceLeyer", "{E4329DEB-8DCF-4190-A122-4213CA794C07}"
EndProject
Project("{FAE04EC0-301F-11D3-BF4B-00C04F79EFBC}") = "DALF", "DALF\DALF.csproj", "{6FCEE5FC-E4DF-42C0-B9FE-83AD3EC7EF6C}"
EndProject
Project("{FAE04EC0-301F-11D3-BF4B-00C04F79EFBC}") = "WebAPIv2", "WebAPIv2\WebAPIv2.csproj", "{C42CDB02-FCD1-4233-A4E0-DC325C3D32E6}"
EndProject
Project("{FAE04EC0-301F-11D3-BF4B-00C04F79EFBC}") = "Service", "Service\Service.csproj", "{48F15EF9-42BF-42CD-BD5F-4FCD4DA026B7}"
EndProject
Global
	GlobalSection(SolutionConfigurationPlatforms) = preSolution
		Debug|Any CPU = Debug|Any CPU
		Release|Any CPU = Release|Any CPU
	EndGlobalSection
	GlobalSection(ProjectConfigurationPlatforms) = postSolution
		{D54E8388-0108-4213-9207-55E5D1A5E249}.Debug|Any CPU.ActiveCfg = Debug|Any CPU
		{D54E8388-0108-4213-9207-55E5D1A5E249}.Debug|Any CPU.Build.0 = Debug|Any CPU
		{D54E8388-0108-4213-9207-55E5D1A5E249}.Release|Any CPU.ActiveCfg = Release|Any CPU
		{D54E8388-0108-4213-9207-55E5D1A5E249}.Release|Any CPU.Build.0 = Release|Any CPU
		{6FCEE5FC-E4DF-42C0-B9FE-83AD3EC7EF6C}.Debug|Any CPU.ActiveCfg = Debug|Any CPU
		{6FCEE5FC-E4DF-42C0-B9FE-83AD3EC7EF6C}.Debug|Any CPU.Build.0 = Debug|Any CPU
		{6FCEE5FC-E4DF-42C0-B9FE-83AD3EC7EF6C}.Release|Any CPU.ActiveCfg = Release|Any CPU
		{6FCEE5FC-E4DF-42C0-B9FE-83AD3EC7EF6C}.Release|Any CPU.Build.0 = Release|Any CPU
		{C42CDB02-FCD1-4233-A4E0-DC325C3D32E6}.Debug|Any CPU.ActiveCfg = Debug|Any CPU
		{C42CDB02-FCD1-4233-A4E0-DC325C3D32E6}.Debug|Any CPU.Build.0 = Debug|Any CPU
		{C42CDB02-FCD1-4233-A4E0-DC325C3D32E6}.Release|Any CPU.ActiveCfg = Release|Any CPU
		{C42CDB02-FCD1-4233-A4E0-DC325C3D32E6}.Release|Any CPU.Build.0 = Release|Any CPU
		{48F15EF9-42BF-42CD-BD5F-4FCD4DA026B7}.Debug|Any CPU.ActiveCfg = Debug|Any CPU
		{48F15EF9-42BF-42CD-BD5F-4FCD4DA026B7}.Debug|Any CPU.Build.0 = Debug|Any CPU
		{48F15EF9-42BF-42CD-BD5F-4FCD4DA026B7}.Release|Any CPU.ActiveCfg = Release|Any CPU
		{48F15EF9-42BF-42CD-BD5F-4FCD4DA026B7}.Release|Any CPU.Build.0 = Release|Any CPU
	EndGlobalSection
	GlobalSection(SolutionProperties) = preSolution
		HideSolutionNode = FALSE
	EndGlobalSection
	GlobalSection(NestedProjects) = preSolution
		{D54E8388-0108-4213-9207-55E5D1A5E249} = {623F47B8-A44E-48AF-B6FF-3A83536A18BD}
		{6FCEE5FC-E4DF-42C0-B9FE-83AD3EC7EF6C} = {C06BB169-7077-40F1-AE78-FD315E93E010}
		{C42CDB02-FCD1-4233-A4E0-DC325C3D32E6} = {5D9ED1CE-67A7-4BD9-9086-B064CAC4998A}
		{48F15EF9-42BF-42CD-BD5F-4FCD4DA026B7} = {E4329DEB-8DCF-4190-A122-4213CA794C07}
	EndGlobalSection
	GlobalSection(ExtensibilityGlobals) = postSolution
		SolutionGuid = {F78D1BB2-48D7-469A-9F42-BBAC8857617E}
	EndGlobalSection
EndGlobal
